
Microsoft Visual Studio Solution File, Format Version 12.00
# Visual Studio Version 17
VisualStudioVersion = 17.14.37203.1
MinimumVisualStudioVersion = 10.0.40219.1
Project("{FAE04EC0-301F-11D3-BF4B-00C04F79EFBC}") = "Web", "Web\Web.csproj", "{A5E6ACB5-856A-4B63-8B5C-F0411957D86C}"
EndProject
Project("{FAE04EC0-301F-11D3-BF4B-00C04F79EFBC}") = "Dominio", "Dominio\Dominio.csproj", "{EEEA7788-4C9A-4C63-8274-60D2DB17A8A0}"
EndProject
Project("{FAE04EC0-301F-11D3-BF4B-00C04F79EFBC}") = "Repositorio", "Repositorio\Repositorio.csproj", "{3B094868-4E75-4404-90B9-2EECEA8475B7}"
EndProject
Global
	GlobalSection(SolutionConfigurationPlatforms) = preSolution
		Debug|Any CPU = Debug|Any CPU
		Release|Any CPU = Release|Any CPU
	EndGlobalSection
	GlobalSection(ProjectConfigurationPlatforms) = postSolution
		{A5E6ACB5-856A-4B63-8B5C-F0411957D86C}.Debug|Any CPU.ActiveCfg = Debug|Any CPU
		{A5E6ACB5-856A-4B63-8B5C-F0411957D86C}.Debug|Any CPU.Build.0 = Debug|Any CPU
		{A5E6ACB5-856A-4B63-8B5C-F0411957D86C}.Release|Any CPU.ActiveCfg = Release|Any CPU
		{A5E6ACB5-856A-4B63-8B5C-F0411957D86C}.Release|Any CPU.Build.0 = Release|Any CPU
		{EEEA7788-4C9A-4C63-8274-60D2DB17A8A0}.Debug|Any CPU.ActiveCfg = Debug|Any CPU
		{EEEA7788-4C9A-4C63-8274-60D2DB17A8A0}.Debug|Any CPU.Build.0 = Debug|Any CPU
		{EEEA7788-4C9A-4C63-8274-60D2DB17A8A0}.Release|Any CPU.ActiveCfg = Release|Any CPU
		{EEEA7788-4C9A-4C63-8274-60D2DB17A8A0}.Release|Any CPU.Build.0 = Release|Any CPU
		{3B094868-4E75-4404-90B9-2EECEA8475B7}.Debug|Any CPU.ActiveCfg = Debug|Any CPU
		{3B094868-4E75-4404-90B9-2EECEA8475B7}.Debug|Any CPU.Build.0 = Debug|Any CPU
		{3B094868-4E75-4404-90B9-2EECEA8475B7}.Release|Any CPU.ActiveCfg = Release|Any CPU
		{3B094868-4E75-4404-90B9-2EECEA8475B7}.Release|Any CPU.Build.0 = Release|Any CPU
	EndGlobalSection
	GlobalSection(SolutionProperties) = preSolution
		HideSolutionNode = FALSE
	EndGlobalSection
	GlobalSection(ExtensibilityGlobals) = postSolution
		SolutionGuid = {A6F97042-3A99-4ED2-8CC9-AF34E4DCDA9E}
	EndGlobalSection
EndGlobal
